// !$*UTF8*$!
{
	archiveVersion = 1;
	classes = {
	};
	objectVersion = 46;
	objects = {

/* Begin PBXBuildFile section */
		3012B0621CF409A00002B367 /* CommentPraiseView.m in Sources */ = {isa = PBXBuildFile; fileRef = 3012B0611CF409A00002B367 /* CommentPraiseView.m */; };
		3012B0681CF439CC0002B367 /* CustomScrollView.m in Sources */ = {isa = PBXBuildFile; fileRef = 3012B0671CF439CC0002B367 /* CustomScrollView.m */; };
		304299901CEC548E004AC373 /* HMStatusPhotoView.m in Sources */ = {isa = PBXBuildFile; fileRef = 3042998F1CEC548E004AC373 /* HMStatusPhotoView.m */; };
		304299931CEC54AD004AC373 /* HMStatusPhotosView.m in Sources */ = {isa = PBXBuildFile; fileRef = 304299921CEC54AD004AC373 /* HMStatusPhotosView.m */; };
		304299C71CEC5537004AC373 /* HMPhoto.m in Sources */ = {isa = PBXBuildFile; fileRef = 304299C61CEC5537004AC373 /* HMPhoto.m */; };
		304299CA1CEC5572004AC373 /* UIImage+Extension.m in Sources */ = {isa = PBXBuildFile; fileRef = 304299C91CEC5572004AC373 /* UIImage+Extension.m */; };
		304299CE1CEC55CF004AC373 /* UIView+Extension.m in Sources */ = {isa = PBXBuildFile; fileRef = 304299CD1CEC55CF004AC373 /* UIView+Extension.m */; };
		30429A111CEC6FCC004AC373 /* HMHomeStatusesResult.m in Sources */ = {isa = PBXBuildFile; fileRef = 30429A101CEC6FCC004AC373 /* HMHomeStatusesResult.m */; };
		30429A6C1CEC7469004AC373 /* MJPhoto.m in Sources */ = {isa = PBXBuildFile; fileRef = 30429A301CEC7469004AC373 /* MJPhoto.m */; };
		30429A6D1CEC7469004AC373 /* MJPhotoBrowser.bundle in Resources */ = {isa = PBXBuildFile; fileRef = 30429A311CEC7469004AC373 /* MJPhotoBrowser.bundle */; };
		30429A6E1CEC7469004AC373 /* MJPhotoBrowser.m in Sources */ = {isa = PBXBuildFile; fileRef = 30429A331CEC7469004AC373 /* MJPhotoBrowser.m */; };
		30429A6F1CEC7469004AC373 /* MJPhotoLoadingView.m in Sources */ = {isa = PBXBuildFile; fileRef = 30429A351CEC7469004AC373 /* MJPhotoLoadingView.m */; };
		30429A701CEC7469004AC373 /* MJPhotoProgressView.m in Sources */ = {isa = PBXBuildFile; fileRef = 30429A371CEC7469004AC373 /* MJPhotoProgressView.m */; };
		30429A711CEC7469004AC373 /* MJPhotoToolbar.m in Sources */ = {isa = PBXBuildFile; fileRef = 30429A391CEC7469004AC373 /* MJPhotoToolbar.m */; };
		30429A721CEC7469004AC373 /* MJPhotoView.m in Sources */ = {isa = PBXBuildFile; fileRef = 30429A3B1CEC7469004AC373 /* MJPhotoView.m */; };
		30429A731CEC7469004AC373 /* SDWebImageManager+MJ.m in Sources */ = {isa = PBXBuildFile; fileRef = 30429A3D1CEC7469004AC373 /* SDWebImageManager+MJ.m */; };
		30429A741CEC7469004AC373 /* LICENSE in Resources */ = {isa = PBXBuildFile; fileRef = 30429A3F1CEC7469004AC373 /* LICENSE */; };
		30429A751CEC7469004AC373 /* README.md in Sources */ = {isa = PBXBuildFile; fileRef = 30429A401CEC7469004AC373 /* README.md */; };
		30429A761CEC7469004AC373 /* NSData+ImageContentType.m in Sources */ = {isa = PBXBuildFile; fileRef = 30429A431CEC7469004AC373 /* NSData+ImageContentType.m */; };
		30429A771CEC7469004AC373 /* SDImageCache.m in Sources */ = {isa = PBXBuildFile; fileRef = 30429A451CEC7469004AC373 /* SDImageCache.m */; };
		30429A781CEC7469004AC373 /* SDWebImageCompat.m in Sources */ = {isa = PBXBuildFile; fileRef = 30429A471CEC7469004AC373 /* SDWebImageCompat.m */; };
		30429A791CEC7469004AC373 /* SDWebImageDecoder.m in Sources */ = {isa = PBXBuildFile; fileRef = 30429A491CEC7469004AC373 /* SDWebImageDecoder.m */; };
		30429A7A1CEC7469004AC373 /* SDWebImageDownloader.m in Sources */ = {isa = PBXBuildFile; fileRef = 30429A4B1CEC7469004AC373 /* SDWebImageDownloader.m */; };
		30429A7B1CEC7469004AC373 /* SDWebImageDownloaderOperation.m in Sources */ = {isa = PBXBuildFile; fileRef = 30429A4D1CEC7469004AC373 /* SDWebImageDownloaderOperation.m */; };
		30429A7C1CEC7469004AC373 /* SDWebImageManager.m in Sources */ = {isa = PBXBuildFile; fileRef = 30429A4F1CEC7469004AC373 /* SDWebImageManager.m */; };
		30429A7D1CEC7469004AC373 /* SDWebImagePrefetcher.m in Sources */ = {isa = PBXBuildFile; fileRef = 30429A521CEC7469004AC373 /* SDWebImagePrefetcher.m */; };
		30429A7E1CEC7469004AC373 /* UIButton+WebCache.m in Sources */ = {isa = PBXBuildFile; fileRef = 30429A541CEC7469004AC373 /* UIButton+WebCache.m */; };
		30429A7F1CEC7469004AC373 /* UIImage+GIF.m in Sources */ = {isa = PBXBuildFile; fileRef = 30429A561CEC7469004AC373 /* UIImage+GIF.m */; };
		30429A801CEC7469004AC373 /* UIImage+MultiFormat.m in Sources */ = {isa = PBXBuildFile; fileRef = 30429A581CEC7469004AC373 /* UIImage+MultiFormat.m */; };
		30429A811CEC7469004AC373 /* UIImageView+HighlightedWebCache.m in Sources */ = {isa = PBXBuildFile; fileRef = 30429A5A1CEC7469004AC373 /* UIImageView+HighlightedWebCache.m */; };
		30429A821CEC7469004AC373 /* UIImageView+WebCache.m in Sources */ = {isa = PBXBuildFile; fileRef = 30429A5C1CEC7469004AC373 /* UIImageView+WebCache.m */; };
		30429A831CEC7469004AC373 /* UIView+WebCacheOperation.m in Sources */ = {isa = PBXBuildFile; fileRef = 30429A5E1CEC7469004AC373 /* UIView+WebCacheOperation.m */; };
		30429A9A1CEC9EAF004AC373 /* MJExtensionConst.m in Sources */ = {isa = PBXBuildFile; fileRef = 30429A871CEC9EAF004AC373 /* MJExtensionConst.m */; };
		30429A9B1CEC9EAF004AC373 /* MJFoundation.m in Sources */ = {isa = PBXBuildFile; fileRef = 30429A891CEC9EAF004AC373 /* MJFoundation.m */; };
		30429A9C1CEC9EAF004AC373 /* MJProperty.m in Sources */ = {isa = PBXBuildFile; fileRef = 30429A8B1CEC9EAF004AC373 /* MJProperty.m */; };
		30429A9D1CEC9EAF004AC373 /* MJPropertyKey.m in Sources */ = {isa = PBXBuildFile; fileRef = 30429A8D1CEC9EAF004AC373 /* MJPropertyKey.m */; };
		30429A9E1CEC9EAF004AC373 /* MJPropertyType.m in Sources */ = {isa = PBXBuildFile; fileRef = 30429A8F1CEC9EAF004AC373 /* MJPropertyType.m */; };
		30429A9F1CEC9EAF004AC373 /* NSObject+MJClass.m in Sources */ = {isa = PBXBuildFile; fileRef = 30429A911CEC9EAF004AC373 /* NSObject+MJClass.m */; };
		30429AA01CEC9EAF004AC373 /* NSObject+MJCoding.m in Sources */ = {isa = PBXBuildFile; fileRef = 30429A931CEC9EAF004AC373 /* NSObject+MJCoding.m */; };
		30429AA11CEC9EAF004AC373 /* NSObject+MJKeyValue.m in Sources */ = {isa = PBXBuildFile; fileRef = 30429A951CEC9EAF004AC373 /* NSObject+MJKeyValue.m */; };
		30429AA21CEC9EAF004AC373 /* NSObject+MJProperty.m in Sources */ = {isa = PBXBuildFile; fileRef = 30429A971CEC9EAF004AC373 /* NSObject+MJProperty.m */; };
		30429AA31CEC9EAF004AC373 /* NSString+MJExtension.m in Sources */ = {isa = PBXBuildFile; fileRef = 30429A991CEC9EAF004AC373 /* NSString+MJExtension.m */; };
		304AB59F1CEACDA100D526A5 /* ViewController.m in Sources */ = {isa = PBXBuildFile; fileRef = 304AB59E1CEACDA100D526A5 /* ViewController.m */; };
		304AB5A21CEB530A00D526A5 /* wbstatus.plist in Resources */ = {isa = PBXBuildFile; fileRef = 304AB5A11CEB530A00D526A5 /* wbstatus.plist */; };
		306F0B831CE9D4D500E932FA /* main.m in Sources */ = {isa = PBXBuildFile; fileRef = 306F0B821CE9D4D500E932FA /* main.m */; };
		306F0B861CE9D4D500E932FA /* AppDelegate.m in Sources */ = {isa = PBXBuildFile; fileRef = 306F0B851CE9D4D500E932FA /* AppDelegate.m */; };
		306F0B8C1CE9D4D500E932FA /* Main.storyboard in Resources */ = {isa = PBXBuildFile; fileRef = 306F0B8A1CE9D4D500E932FA /* Main.storyboard */; };
		306F0B8E1CE9D4D500E932FA /* Assets.xcassets in Resources */ = {isa = PBXBuildFile; fileRef = 306F0B8D1CE9D4D500E932FA /* Assets.xcassets */; };
		306F0B911CE9D4D500E932FA /* LaunchScreen.storyboard in Resources */ = {isa = PBXBuildFile; fileRef = 306F0B8F1CE9D4D500E932FA /* LaunchScreen.storyboard */; };
		306F0B9A1CE9D57F00E932FA /* CustomeTableViewController.m in Sources */ = {isa = PBXBuildFile; fileRef = 306F0B991CE9D57F00E932FA /* CustomeTableViewController.m */; };
		306F0B9D1CE9D65500E932FA /* WeiboCell.m in Sources */ = {isa = PBXBuildFile; fileRef = 306F0B9C1CE9D65500E932FA /* WeiboCell.m */; };
		306F0BA01CE9D68000E932FA /* WeiboFrame.m in Sources */ = {isa = PBXBuildFile; fileRef = 306F0B9F1CE9D68000E932FA /* WeiboFrame.m */; };
		306F0BA31CE9E00700E932FA /* WeiboStatus.m in Sources */ = {isa = PBXBuildFile; fileRef = 306F0BA21CE9E00700E932FA /* WeiboStatus.m */; };
/* End PBXBuildFile section */

/* Begin PBXFileReference section */
		3012B0601CF409A00002B367 /* CommentPraiseView.h */ = {isa = PBXFileReference; fileEncoding = 4; lastKnownFileType = sourcecode.c.h; path = CommentPraiseView.h; sourceTree = "<group>"; };
		3012B0611CF409A00002B367 /* CommentPraiseView.m */ = {isa = PBXFileReference; fileEncoding = 4; lastKnownFileType = sourcecode.c.objc; path = CommentPraiseView.m; sourceTree = "<group>"; };
		3012B0661CF439CC0002B367 /* CustomScrollView.h */ = {isa = PBXFileReference; fileEncoding = 4; lastKnownFileType = sourcecode.c.h; path = CustomScrollView.h; sourceTree = "<group>"; };
		3012B0671CF439CC0002B367 /* CustomScrollView.m */ = {isa = PBXFileReference; fileEncoding = 4; lastKnownFileType = sourcecode.c.objc; path = CustomScrollView.m; sourceTree = "<group>"; };
		3042998E1CEC548E004AC373 /* HMStatusPhotoView.h */ = {isa = PBXFileReference; fileEncoding = 4; lastKnownFileType = sourcecode.c.h; path = HMStatusPhotoView.h; sourceTree = "<group>"; };
		3042998F1CEC548E004AC373 /* HMStatusPhotoView.m */ = {isa = PBXFileReference; fileEncoding = 4; lastKnownFileType = sourcecode.c.objc; path = HMStatusPhotoView.m; sourceTree = "<group>"; };
		304299911CEC54AD004AC373 /* HMStatusPhotosView.h */ = {isa = PBXFileReference; fileEncoding = 4; lastKnownFileType = sourcecode.c.h; path = HMStatusPhotosView.h; sourceTree = "<group>"; };
		304299921CEC54AD004AC373 /* HMStatusPhotosView.m */ = {isa = PBXFileReference; fileEncoding = 4; lastKnownFileType = sourcecode.c.objc; path = HMStatusPhotosView.m; sourceTree = "<group>"; };
		304299C51CEC5537004AC373 /* HMPhoto.h */ = {isa = PBXFileReference; fileEncoding = 4; lastKnownFileType = sourcecode.c.h; path = HMPhoto.h; sourceTree = "<group>"; };
		304299C61CEC5537004AC373 /* HMPhoto.m */ = {isa = PBXFileReference; fileEncoding = 4; lastKnownFileType = sourcecode.c.objc; path = HMPhoto.m; sourceTree = "<group>"; };
		304299C81CEC5572004AC373 /* UIImage+Extension.h */ = {isa = PBXFileReference; fileEncoding = 4; lastKnownFileType = sourcecode.c.h; name = "UIImage+Extension.h"; path = "../UIImage+Extension.h"; sourceTree = "<group>"; };
		304299C91CEC5572004AC373 /* UIImage+Extension.m */ = {isa = PBXFileReference; fileEncoding = 4; lastKnownFileType = sourcecode.c.objc; name = "UIImage+Extension.m"; path = "../UIImage+Extension.m"; sourceTree = "<group>"; };
		304299CC1CEC55CF004AC373 /* UIView+Extension.h */ = {isa = PBXFileReference; fileEncoding = 4; lastKnownFileType = sourcecode.c.h; path = "UIView+Extension.h"; sourceTree = "<group>"; };
		304299CD1CEC55CF004AC373 /* UIView+Extension.m */ = {isa = PBXFileReference; fileEncoding = 4; lastKnownFileType = sourcecode.c.objc; path = "UIView+Extension.m"; sourceTree = "<group>"; };
		30429A0F1CEC6FCC004AC373 /* HMHomeStatusesResult.h */ = {isa = PBXFileReference; fileEncoding = 4; lastKnownFileType = sourcecode.c.h; path = HMHomeStatusesResult.h; sourceTree = "<group>"; };
		30429A101CEC6FCC004AC373 /* HMHomeStatusesResult.m */ = {isa = PBXFileReference; fileEncoding = 4; lastKnownFileType = sourcecode.c.objc; path = HMHomeStatusesResult.m; sourceTree = "<group>"; };
		30429A2F1CEC7469004AC373 /* MJPhoto.h */ = {isa = PBXFileReference; fileEncoding = 4; lastKnownFileType = sourcecode.c.h; path = MJPhoto.h; sourceTree = "<group>"; };
		30429A301CEC7469004AC373 /* MJPhoto.m */ = {isa = PBXFileReference; fileEncoding = 4; lastKnownFileType = sourcecode.c.objc; path = MJPhoto.m; sourceTree = "<group>"; };
		30429A311CEC7469004AC373 /* MJPhotoBrowser.bundle */ = {isa = PBXFileReference; lastKnownFileType = "wrapper.plug-in"; path = MJPhotoBrowser.bundle; sourceTree = "<group>"; };
		30429A321CEC7469004AC373 /* MJPhotoBrowser.h */ = {isa = PBXFileReference; fileEncoding = 4; lastKnownFileType = sourcecode.c.h; path = MJPhotoBrowser.h; sourceTree = "<group>"; };
		30429A331CEC7469004AC373 /* MJPhotoBrowser.m */ = {isa = PBXFileReference; fileEncoding = 4; lastKnownFileType = sourcecode.c.objc; path = MJPhotoBrowser.m; sourceTree = "<group>"; };
		30429A341CEC7469004AC373 /* MJPhotoLoadingView.h */ = {isa = PBXFileReference; fileEncoding = 4; lastKnownFileType = sourcecode.c.h; path = MJPhotoLoadingView.h; sourceTree = "<group>"; };
		30429A351CEC7469004AC373 /* MJPhotoLoadingView.m */ = {isa = PBXFileReference; fileEncoding = 4; lastKnownFileType = sourcecode.c.objc; path = MJPhotoLoadingView.m; sourceTree = "<group>"; };
		30429A361CEC7469004AC373 /* MJPhotoProgressView.h */ = {isa = PBXFileReference; fileEncoding = 4; lastKnownFileType = sourcecode.c.h; path = MJPhotoProgressView.h; sourceTree = "<group>"; };
		30429A371CEC7469004AC373 /* MJPhotoProgressView.m */ = {isa = PBXFileReference; fileEncoding = 4; lastKnownFileType = sourcecode.c.objc; path = MJPhotoProgressView.m; sourceTree = "<group>"; };
		30429A381CEC7469004AC373 /* MJPhotoToolbar.h */ = {isa = PBXFileReference; fileEncoding = 4; lastKnownFileType = sourcecode.c.h; path = MJPhotoToolbar.h; sourceTree = "<group>"; };
		30429A391CEC7469004AC373 /* MJPhotoToolbar.m */ = {isa = PBXFileReference; fileEncoding = 4; lastKnownFileType = sourcecode.c.objc; path = MJPhotoToolbar.m; sourceTree = "<group>"; };
		30429A3A1CEC7469004AC373 /* MJPhotoView.h */ = {isa = PBXFileReference; fileEncoding = 4; lastKnownFileType = sourcecode.c.h; path = MJPhotoView.h; sourceTree = "<group>"; };
		30429A3B1CEC7469004AC373 /* MJPhotoView.m */ = {isa = PBXFileReference; fileEncoding = 4; lastKnownFileType = sourcecode.c.objc; path = MJPhotoView.m; sourceTree = "<group>"; };
		30429A3C1CEC7469004AC373 /* SDWebImageManager+MJ.h */ = {isa = PBXFileReference; fileEncoding = 4; lastKnownFileType = sourcecode.c.h; path = "SDWebImageManager+MJ.h"; sourceTree = "<group>"; };
		30429A3D1CEC7469004AC373 /* SDWebImageManager+MJ.m */ = {isa = PBXFileReference; fileEncoding = 4; lastKnownFileType = sourcecode.c.objc; path = "SDWebImageManager+MJ.m"; sourceTree = "<group>"; };
		30429A3F1CEC7469004AC373 /* LICENSE */ = {isa = PBXFileReference; fileEncoding = 4; lastKnownFileType = text; path = LICENSE; sourceTree = "<group>"; };
		30429A401CEC7469004AC373 /* README.md */ = {isa = PBXFileReference; fileEncoding = 4; lastKnownFileType = net.daringfireball.markdown; path = README.md; sourceTree = "<group>"; };
		30429A421CEC7469004AC373 /* NSData+ImageContentType.h */ = {isa = PBXFileReference; fileEncoding = 4; lastKnownFileType = sourcecode.c.h; path = "NSData+ImageContentType.h"; sourceTree = "<group>"; };
		30429A431CEC7469004AC373 /* NSData+ImageContentType.m */ = {isa = PBXFileReference; fileEncoding = 4; lastKnownFileType = sourcecode.c.objc; path = "NSData+ImageContentType.m"; sourceTree = "<group>"; };
		30429A441CEC7469004AC373 /* SDImageCache.h */ = {isa = PBXFileReference; fileEncoding = 4; lastKnownFileType = sourcecode.c.h; path = SDImageCache.h; sourceTree = "<group>"; };
		30429A451CEC7469004AC373 /* SDImageCache.m */ = {isa = PBXFileReference; fileEncoding = 4; lastKnownFileType = sourcecode.c.objc; path = SDImageCache.m; sourceTree = "<group>"; };
		30429A461CEC7469004AC373 /* SDWebImageCompat.h */ = {isa = PBXFileReference; fileEncoding = 4; lastKnownFileType = sourcecode.c.h; path = SDWebImageCompat.h; sourceTree = "<group>"; };
		30429A471CEC7469004AC373 /* SDWebImageCompat.m */ = {isa = PBXFileReference; fileEncoding = 4; lastKnownFileType = sourcecode.c.objc; path = SDWebImageCompat.m; sourceTree = "<group>"; };
		30429A481CEC7469004AC373 /* SDWebImageDecoder.h */ = {isa = PBXFileReference; fileEncoding = 4; lastKnownFileType = sourcecode.c.h; path = SDWebImageDecoder.h; sourceTree = "<group>"; };
		30429A491CEC7469004AC373 /* SDWebImageDecoder.m */ = {isa = PBXFileReference; fileEncoding = 4; lastKnownFileType = sourcecode.c.objc; path = SDWebImageDecoder.m; sourceTree = "<group>"; };
		30429A4A1CEC7469004AC373 /* SDWebImageDownloader.h */ = {isa = PBXFileReference; fileEncoding = 4; lastKnownFileType = sourcecode.c.h; path = SDWebImageDownloader.h; sourceTree = "<group>"; };
		30429A4B1CEC7469004AC373 /* SDWebImageDownloader.m */ = {isa = PBXFileReference; fileEncoding = 4; lastKnownFileType = sourcecode.c.objc; path = SDWebImageDownloader.m; sourceTree = "<group>"; };
		30429A4C1CEC7469004AC373 /* SDWebImageDownloaderOperation.h */ = {isa = PBXFileReference; fileEncoding = 4; lastKnownFileType = sourcecode.c.h; path = SDWebImageDownloaderOperation.h; sourceTree = "<group>"; };
		30429A4D1CEC7469004AC373 /* SDWebImageDownloaderOperation.m */ = {isa = PBXFileReference; fileEncoding = 4; lastKnownFileType = sourcecode.c.objc; path = SDWebImageDownloaderOperation.m; sourceTree = "<group>"; };
		30429A4E1CEC7469004AC373 /* SDWebImageManager.h */ = {isa = PBXFileReference; fileEncoding = 4; lastKnownFileType = sourcecode.c.h; path = SDWebImageManager.h; sourceTree = "<group>"; };
		30429A4F1CEC7469004AC373 /* SDWebImageManager.m */ = {isa = PBXFileReference; fileEncoding = 4; lastKnownFileType = sourcecode.c.objc; path = SDWebImageManager.m; sourceTree = "<group>"; };
		30429A501CEC7469004AC373 /* SDWebImageOperation.h */ = {isa = PBXFileReference; fileEncoding = 4; lastKnownFileType = sourcecode.c.h; path = SDWebImageOperation.h; sourceTree = "<group>"; };
		30429A511CEC7469004AC373 /* SDWebImagePrefetcher.h */ = {isa = PBXFileReference; fileEncoding = 4; lastKnownFileType = sourcecode.c.h; path = SDWebImagePrefetcher.h; sourceTree = "<group>"; };
		30429A521CEC7469004AC373 /* SDWebImagePrefetcher.m */ = {isa = PBXFileReference; fileEncoding = 4; lastKnownFileType = sourcecode.c.objc; path = SDWebImagePrefetcher.m; sourceTree = "<group>"; };
		30429A531CEC7469004AC373 /* UIButton+WebCache.h */ = {isa = PBXFileReference; fileEncoding = 4; lastKnownFileType = sourcecode.c.h; path = "UIButton+WebCache.h"; sourceTree = "<group>"; };
		30429A541CEC7469004AC373 /* UIButton+WebCache.m */ = {isa = PBXFileReference; fileEncoding = 4; lastKnownFileType = sourcecode.c.objc; path = "UIButton+WebCache.m"; sourceTree = "<group>"; };
		30429A551CEC7469004AC373 /* UIImage+GIF.h */ = {isa = PBXFileReference; fileEncoding = 4; lastKnownFileType = sourcecode.c.h; path = "UIImage+GIF.h"; sourceTree = "<group>"; };
		30429A561CEC7469004AC373 /* UIImage+GIF.m */ = {isa = PBXFileReference; fileEncoding = 4; lastKnownFileType = sourcecode.c.objc; path = "UIImage+GIF.m"; sourceTree = "<group>"; };
		30429A571CEC7469004AC373 /* UIImage+MultiFormat.h */ = {isa = PBXFileReference; fileEncoding = 4; lastKnownFileType = sourcecode.c.h; path = "UIImage+MultiFormat.h"; sourceTree = "<group>"; };
		30429A581CEC7469004AC373 /* UIImage+MultiFormat.m */ = {isa = PBXFileReference; fileEncoding = 4; lastKnownFileType = sourcecode.c.objc; path = "UIImage+MultiFormat.m"; sourceTree = "<group>"; };
		30429A591CEC7469004AC373 /* UIImageView+HighlightedWebCache.h */ = {isa = PBXFileReference; fileEncoding = 4; lastKnownFileType = sourcecode.c.h; path = "UIImageView+HighlightedWebCache.h"; sourceTree = "<group>"; };
		30429A5A1CEC7469004AC373 /* UIImageView+HighlightedWebCache.m */ = {isa = PBXFileReference; fileEncoding = 4; lastKnownFileType = sourcecode.c.objc; path = "UIImageView+HighlightedWebCache.m"; sourceTree = "<group>"; };
		30429A5B1CEC7469004AC373 /* UIImageView+WebCache.h */ = {isa = PBXFileReference; fileEncoding = 4; lastKnownFileType = sourcecode.c.h; path = "UIImageView+WebCache.h"; sourceTree = "<group>"; };
		30429A5C1CEC7469004AC373 /* UIImageView+WebCache.m */ = {isa = PBXFileReference; fileEncoding = 4; lastKnownFileType = sourcecode.c.objc; path = "UIImageView+WebCache.m"; sourceTree = "<group>"; };
		30429A5D1CEC7469004AC373 /* UIView+WebCacheOperation.h */ = {isa = PBXFileReference; fileEncoding = 4; lastKnownFileType = sourcecode.c.h; path = "UIView+WebCacheOperation.h"; sourceTree = "<group>"; };
		30429A5E1CEC7469004AC373 /* UIView+WebCacheOperation.m */ = {isa = PBXFileReference; fileEncoding = 4; lastKnownFileType = sourcecode.c.objc; path = "UIView+WebCacheOperation.m"; sourceTree = "<group>"; };
		30429A851CEC9EAF004AC373 /* MJExtension.h */ = {isa = PBXFileReference; fileEncoding = 4; lastKnownFileType = sourcecode.c.h; path = MJExtension.h; sourceTree = "<group>"; };
		30429A861CEC9EAF004AC373 /* MJExtensionConst.h */ = {isa = PBXFileReference; fileEncoding = 4; lastKnownFileType = sourcecode.c.h; path = MJExtensionConst.h; sourceTree = "<group>"; };
		30429A871CEC9EAF004AC373 /* MJExtensionConst.m */ = {isa = PBXFileReference; fileEncoding = 4; lastKnownFileType = sourcecode.c.objc; path = MJExtensionConst.m; sourceTree = "<group>"; };
		30429A881CEC9EAF004AC373 /* MJFoundation.h */ = {isa = PBXFileReference; fileEncoding = 4; lastKnownFileType = sourcecode.c.h; path = MJFoundation.h; sourceTree = "<group>"; };
		30429A891CEC9EAF004AC373 /* MJFoundation.m */ = {isa = PBXFileReference; fileEncoding = 4; lastKnownFileType = sourcecode.c.objc; path = MJFoundation.m; sourceTree = "<group>"; };
		30429A8A1CEC9EAF004AC373 /* MJProperty.h */ = {isa = PBXFileReference; fileEncoding = 4; lastKnownFileType = sourcecode.c.h; path = MJProperty.h; sourceTree = "<group>"; };
		30429A8B1CEC9EAF004AC373 /* MJProperty.m */ = {isa = PBXFileReference; fileEncoding = 4; lastKnownFileType = sourcecode.c.objc; path = MJProperty.m; sourceTree = "<group>"; };
		30429A8C1CEC9EAF004AC373 /* MJPropertyKey.h */ = {isa = PBXFileReference; fileEncoding = 4; lastKnownFileType = sourcecode.c.h; path = MJPropertyKey.h; sourceTree = "<group>"; };
		30429A8D1CEC9EAF004AC373 /* MJPropertyKey.m */ = {isa = PBXFileReference; fileEncoding = 4; lastKnownFileType = sourcecode.c.objc; path = MJPropertyKey.m; sourceTree = "<group>"; };
		30429A8E1CEC9EAF004AC373 /* MJPropertyType.h */ = {isa = PBXFileReference; fileEncoding = 4; lastKnownFileType = sourcecode.c.h; path = MJPropertyType.h; sourceTree = "<group>"; };
		30429A8F1CEC9EAF004AC373 /* MJPropertyType.m */ = {isa = PBXFileReference; fileEncoding = 4; lastKnownFileType = sourcecode.c.objc; path = MJPropertyType.m; sourceTree = "<group>"; };
		30429A901CEC9EAF004AC373 /* NSObject+MJClass.h */ = {isa = PBXFileReference; fileEncoding = 4; lastKnownFileType = sourcecode.c.h; path = "NSObject+MJClass.h"; sourceTree = "<group>"; };
		30429A911CEC9EAF004AC373 /* NSObject+MJClass.m */ = {isa = PBXFileReference; fileEncoding = 4; lastKnownFileType = sourcecode.c.objc; path = "NSObject+MJClass.m"; sourceTree = "<group>"; };
		30429A921CEC9EAF004AC373 /* NSObject+MJCoding.h */ = {isa = PBXFileReference; fileEncoding = 4; lastKnownFileType = sourcecode.c.h; path = "NSObject+MJCoding.h"; sourceTree = "<group>"; };
		30429A931CEC9EAF004AC373 /* NSObject+MJCoding.m */ = {isa = PBXFileReference; fileEncoding = 4; lastKnownFileType = sourcecode.c.objc; path = "NSObject+MJCoding.m"; sourceTree = "<group>"; };
		30429A941CEC9EAF004AC373 /* NSObject+MJKeyValue.h */ = {isa = PBXFileReference; fileEncoding = 4; lastKnownFileType = sourcecode.c.h; path = "NSObject+MJKeyValue.h"; sourceTree = "<group>"; };
		30429A951CEC9EAF004AC373 /* NSObject+MJKeyValue.m */ = {isa = PBXFileReference; fileEncoding = 4; lastKnownFileType = sourcecode.c.objc; path = "NSObject+MJKeyValue.m"; sourceTree = "<group>"; };
		30429A961CEC9EAF004AC373 /* NSObject+MJProperty.h */ = {isa = PBXFileReference; fileEncoding = 4; lastKnownFileType = sourcecode.c.h; path = "NSObject+MJProperty.h"; sourceTree = "<group>"; };
		30429A971CEC9EAF004AC373 /* NSObject+MJProperty.m */ = {isa = PBXFileReference; fileEncoding = 4; lastKnownFileType = sourcecode.c.objc; path = "NSObject+MJProperty.m"; sourceTree = "<group>"; };
		30429A981CEC9EAF004AC373 /* NSString+MJExtension.h */ = {isa = PBXFileReference; fileEncoding = 4; lastKnownFileType = sourcecode.c.h; path = "NSString+MJExtension.h"; sourceTree = "<group>"; };
		30429A991CEC9EAF004AC373 /* NSString+MJExtension.m */ = {isa = PBXFileReference; fileEncoding = 4; lastKnownFileType = sourcecode.c.objc; path = "NSString+MJExtension.m"; sourceTree = "<group>"; };
		304AB59D1CEACDA100D526A5 /* ViewController.h */ = {isa = PBXFileReference; fileEncoding = 4; lastKnownFileType = sourcecode.c.h; path = ViewController.h; sourceTree = "<group>"; };
		304AB59E1CEACDA100D526A5 /* ViewController.m */ = {isa = PBXFileReference; fileEncoding = 4; lastKnownFileType = sourcecode.c.objc; path = ViewController.m; sourceTree = "<group>"; };
		304AB5A01CEB503400D526A5 /* Constants.h */ = {isa = PBXFileReference; fileEncoding = 4; lastKnownFileType = sourcecode.c.h; path = Constants.h; sourceTree = "<group>"; };
		304AB5A11CEB530A00D526A5 /* wbstatus.plist */ = {isa = PBXFileReference; fileEncoding = 4; lastKnownFileType = text.plist.xml; path = wbstatus.plist; sourceTree = "<group>"; };
		306F0B7E1CE9D4D500E932FA /* 代码布局UITableviewCell.app */ = {isa = PBXFileReference; explicitFileType = wrapper.application; includeInIndex = 0; path = "代码布局UITableviewCell.app"; sourceTree = BUILT_PRODUCTS_DIR; };
		306F0B821CE9D4D500E932FA /* main.m */ = {isa = PBXFileReference; lastKnownFileType = sourcecode.c.objc; path = main.m; sourceTree = "<group>"; };
		306F0B841CE9D4D500E932FA /* AppDelegate.h */ = {isa = PBXFileReference; lastKnownFileType = sourcecode.c.h; path = AppDelegate.h; sourceTree = "<group>"; };
		306F0B851CE9D4D500E932FA /* AppDelegate.m */ = {isa = PBXFileReference; lastKnownFileType = sourcecode.c.objc; path = AppDelegate.m; sourceTree = "<group>"; };
		306F0B8B1CE9D4D500E932FA /* Base */ = {isa = PBXFileReference; lastKnownFileType = file.storyboard; name = Base; path = Base.lproj/Main.storyboard; sourceTree = "<group>"; };
		306F0B8D1CE9D4D500E932FA /* Assets.xcassets */ = {isa = PBXFileReference; lastKnownFileType = folder.assetcatalog; path = Assets.xcassets; sourceTree = "<group>"; };
		306F0B901CE9D4D500E932FA /* Base */ = {isa = PBXFileReference; lastKnownFileType = file.storyboard; name = Base; path = Base.lproj/LaunchScreen.storyboard; sourceTree = "<group>"; };
		306F0B921CE9D4D500E932FA /* Info.plist */ = {isa = PBXFileReference; lastKnownFileType = text.plist.xml; path = Info.plist; sourceTree = "<group>"; };
		306F0B981CE9D57F00E932FA /* CustomeTableViewController.h */ = {isa = PBXFileReference; fileEncoding = 4; lastKnownFileType = sourcecode.c.h; path = CustomeTableViewController.h; sourceTree = "<group>"; };
		306F0B991CE9D57F00E932FA /* CustomeTableViewController.m */ = {isa = PBXFileReference; fileEncoding = 4; lastKnownFileType = sourcecode.c.objc; path = CustomeTableViewController.m; sourceTree = "<group>"; };
		306F0B9B1CE9D65500E932FA /* WeiboCell.h */ = {isa = PBXFileReference; fileEncoding = 4; lastKnownFileType = sourcecode.c.h; path = WeiboCell.h; sourceTree = "<group>"; };
		306F0B9C1CE9D65500E932FA /* WeiboCell.m */ = {isa = PBXFileReference; fileEncoding = 4; lastKnownFileType = sourcecode.c.objc; path = WeiboCell.m; sourceTree = "<group>"; };
		306F0B9E1CE9D68000E932FA /* WeiboFrame.h */ = {isa = PBXFileReference; fileEncoding = 4; lastKnownFileType = sourcecode.c.h; path = WeiboFrame.h; sourceTree = "<group>"; };
		306F0B9F1CE9D68000E932FA /* WeiboFrame.m */ = {isa = PBXFileReference; fileEncoding = 4; lastKnownFileType = sourcecode.c.objc; path = WeiboFrame.m; sourceTree = "<group>"; };
		306F0BA11CE9E00700E932FA /* WeiboStatus.h */ = {isa = PBXFileReference; fileEncoding = 4; lastKnownFileType = sourcecode.c.h; path = WeiboStatus.h; sourceTree = "<group>"; };
		306F0BA21CE9E00700E932FA /* WeiboStatus.m */ = {isa = PBXFileReference; fileEncoding = 4; lastKnownFileType = sourcecode.c.objc; path = WeiboStatus.m; sourceTree = "<group>"; };
/* End PBXFileReference section */

/* Begin PBXFrameworksBuildPhase section */
		306F0B7B1CE9D4D500E932FA /* Frameworks */ = {
			isa = PBXFrameworksBuildPhase;
			buildActionMask = 2147483647;
			files = (
			);
			runOnlyForDeploymentPostprocessing = 0;
		};
/* End PBXFrameworksBuildPhase section */

/* Begin PBXGroup section */
		304299CB1CEC55BC004AC373 /* Categoary */ = {
			isa = PBXGroup;
			children = (
				304299CC1CEC55CF004AC373 /* UIView+Extension.h */,
				304299CD1CEC55CF004AC373 /* UIView+Extension.m */,
				304299C81CEC5572004AC373 /* UIImage+Extension.h */,
				304299C91CEC5572004AC373 /* UIImage+Extension.m */,
			);
			path = Categoary;
			sourceTree = "<group>";
		};
		30429A121CEC7469004AC373 /* Lib */ = {
			isa = PBXGroup;
			children = (
				30429A841CEC9EAF004AC373 /* MJExtension */,
				30429A2E1CEC7469004AC373 /* MJPhotoBrowser */,
				30429A3E1CEC7469004AC373 /* SDWebImage */,
			);
			path = Lib;
			sourceTree = "<group>";
		};
		30429A2E1CEC7469004AC373 /* MJPhotoBrowser */ = {
			isa = PBXGroup;
			children = (
				30429A2F1CEC7469004AC373 /* MJPhoto.h */,
				30429A301CEC7469004AC373 /* MJPhoto.m */,
				30429A311CEC7469004AC373 /* MJPhotoBrowser.bundle */,
				30429A321CEC7469004AC373 /* MJPhotoBrowser.h */,
				30429A331CEC7469004AC373 /* MJPhotoBrowser.m */,
				30429A341CEC7469004AC373 /* MJPhotoLoadingView.h */,
				30429A351CEC7469004AC373 /* MJPhotoLoadingView.m */,
				30429A361CEC7469004AC373 /* MJPhotoProgressView.h */,
				30429A371CEC7469004AC373 /* MJPhotoProgressView.m */,
				30429A381CEC7469004AC373 /* MJPhotoToolbar.h */,
				30429A391CEC7469004AC373 /* MJPhotoToolbar.m */,
				30429A3A1CEC7469004AC373 /* MJPhotoView.h */,
				30429A3B1CEC7469004AC373 /* MJPhotoView.m */,
				30429A3C1CEC7469004AC373 /* SDWebImageManager+MJ.h */,
				30429A3D1CEC7469004AC373 /* SDWebImageManager+MJ.m */,
			);
			path = MJPhotoBrowser;
			sourceTree = "<group>";
		};
		30429A3E1CEC7469004AC373 /* SDWebImage */ = {
			isa = PBXGroup;
			children = (
				30429A3F1CEC7469004AC373 /* LICENSE */,
				30429A401CEC7469004AC373 /* README.md */,
				30429A411CEC7469004AC373 /* SDWebImage */,
			);
			path = SDWebImage;
			sourceTree = "<group>";
		};
		30429A411CEC7469004AC373 /* SDWebImage */ = {
			isa = PBXGroup;
			children = (
				30429A421CEC7469004AC373 /* NSData+ImageContentType.h */,
				30429A431CEC7469004AC373 /* NSData+ImageContentType.m */,
				30429A441CEC7469004AC373 /* SDImageCache.h */,
				30429A451CEC7469004AC373 /* SDImageCache.m */,
				30429A461CEC7469004AC373 /* SDWebImageCompat.h */,
				30429A471CEC7469004AC373 /* SDWebImageCompat.m */,
				30429A481CEC7469004AC373 /* SDWebImageDecoder.h */,
				30429A491CEC7469004AC373 /* SDWebImageDecoder.m */,
				30429A4A1CEC7469004AC373 /* SDWebImageDownloader.h */,
				30429A4B1CEC7469004AC373 /* SDWebImageDownloader.m */,
				30429A4C1CEC7469004AC373 /* SDWebImageDownloaderOperation.h */,
				30429A4D1CEC7469004AC373 /* SDWebImageDownloaderOperation.m */,
				30429A4E1CEC7469004AC373 /* SDWebImageManager.h */,
				30429A4F1CEC7469004AC373 /* SDWebImageManager.m */,
				30429A501CEC7469004AC373 /* SDWebImageOperation.h */,
				30429A511CEC7469004AC373 /* SDWebImagePrefetcher.h */,
				30429A521CEC7469004AC373 /* SDWebImagePrefetcher.m */,
				30429A531CEC7469004AC373 /* UIButton+WebCache.h */,
				30429A541CEC7469004AC373 /* UIButton+WebCache.m */,
				30429A551CEC7469004AC373 /* UIImage+GIF.h */,
				30429A561CEC7469004AC373 /* UIImage+GIF.m */,
				30429A571CEC7469004AC373 /* UIImage+MultiFormat.h */,
				30429A581CEC7469004AC373 /* UIImage+MultiFormat.m */,
				30429A591CEC7469004AC373 /* UIImageView+HighlightedWebCache.h */,
				30429A5A1CEC7469004AC373 /* UIImageView+HighlightedWebCache.m */,
				30429A5B1CEC7469004AC373 /* UIImageView+WebCache.h */,
				30429A5C1CEC7469004AC373 /* UIImageView+WebCache.m */,
				30429A5D1CEC7469004AC373 /* UIView+WebCacheOperation.h */,
				30429A5E1CEC7469004AC373 /* UIView+WebCacheOperation.m */,
			);
			path = SDWebImage;
			sourceTree = "<group>";
		};
		30429A841CEC9EAF004AC373 /* MJExtension */ = {
			isa = PBXGroup;
			children = (
				30429A851CEC9EAF004AC373 /* MJExtension.h */,
				30429A861CEC9EAF004AC373 /* MJExtensionConst.h */,
				30429A871CEC9EAF004AC373 /* MJExtensionConst.m */,
				30429A881CEC9EAF004AC373 /* MJFoundation.h */,
				30429A891CEC9EAF004AC373 /* MJFoundation.m */,
				30429A8A1CEC9EAF004AC373 /* MJProperty.h */,
				30429A8B1CEC9EAF004AC373 /* MJProperty.m */,
				30429A8C1CEC9EAF004AC373 /* MJPropertyKey.h */,
				30429A8D1CEC9EAF004AC373 /* MJPropertyKey.m */,
				30429A8E1CEC9EAF004AC373 /* MJPropertyType.h */,
				30429A8F1CEC9EAF004AC373 /* MJPropertyType.m */,
				30429A901CEC9EAF004AC373 /* NSObject+MJClass.h */,
				30429A911CEC9EAF004AC373 /* NSObject+MJClass.m */,
				30429A921CEC9EAF004AC373 /* NSObject+MJCoding.h */,
				30429A931CEC9EAF004AC373 /* NSObject+MJCoding.m */,
				30429A941CEC9EAF004AC373 /* NSObject+MJKeyValue.h */,
				30429A951CEC9EAF004AC373 /* NSObject+MJKeyValue.m */,
				30429A961CEC9EAF004AC373 /* NSObject+MJProperty.h */,
				30429A971CEC9EAF004AC373 /* NSObject+MJProperty.m */,
				30429A981CEC9EAF004AC373 /* NSString+MJExtension.h */,
				30429A991CEC9EAF004AC373 /* NSString+MJExtension.m */,
			);
			path = MJExtension;
			sourceTree = "<group>";
		};
		306F0B751CE9D4D500E932FA = {
			isa = PBXGroup;
			children = (
				306F0B801CE9D4D500E932FA /* 代码布局UITableviewCell */,
				306F0B7F1CE9D4D500E932FA /* Products */,
			);
			sourceTree = "<group>";
		};
		306F0B7F1CE9D4D500E932FA /* Products */ = {
			isa = PBXGroup;
			children = (
				306F0B7E1CE9D4D500E932FA /* 代码布局UITableviewCell.app */,
			);
			name = Products;
			sourceTree = "<group>";
		};
		306F0B801CE9D4D500E932FA /* 代码布局UITableviewCell */ = {
			isa = PBXGroup;
			children = (
				30429A121CEC7469004AC373 /* Lib */,
				304299CB1CEC55BC004AC373 /* Categoary */,
				30429A0F1CEC6FCC004AC373 /* HMHomeStatusesResult.h */,
				30429A101CEC6FCC004AC373 /* HMHomeStatusesResult.m */,
				304299C51CEC5537004AC373 /* HMPhoto.h */,
				304299C61CEC5537004AC373 /* HMPhoto.m */,
				304299911CEC54AD004AC373 /* HMStatusPhotosView.h */,
				304299921CEC54AD004AC373 /* HMStatusPhotosView.m */,
				3042998E1CEC548E004AC373 /* HMStatusPhotoView.h */,
				3042998F1CEC548E004AC373 /* HMStatusPhotoView.m */,
				304AB5A01CEB503400D526A5 /* Constants.h */,
				306F0B981CE9D57F00E932FA /* CustomeTableViewController.h */,
				306F0B991CE9D57F00E932FA /* CustomeTableViewController.m */,
				306F0B9B1CE9D65500E932FA /* WeiboCell.h */,
				306F0B9C1CE9D65500E932FA /* WeiboCell.m */,
				306F0B9E1CE9D68000E932FA /* WeiboFrame.h */,
				306F0B9F1CE9D68000E932FA /* WeiboFrame.m */,
				306F0BA11CE9E00700E932FA /* WeiboStatus.h */,
				306F0BA21CE9E00700E932FA /* WeiboStatus.m */,
				306F0B811CE9D4D500E932FA /* Supporting Files */,
				3012B0601CF409A00002B367 /* CommentPraiseView.h */,
				3012B0611CF409A00002B367 /* CommentPraiseView.m */,
				3012B0661CF439CC0002B367 /* CustomScrollView.h */,
				3012B0671CF439CC0002B367 /* CustomScrollView.m */,
			);
			path = "代码布局UITableviewCell";
			sourceTree = "<group>";
		};
		306F0B811CE9D4D500E932FA /* Supporting Files */ = {
			isa = PBXGroup;
			children = (
				304AB5A11CEB530A00D526A5 /* wbstatus.plist */,
				306F0B841CE9D4D500E932FA /* AppDelegate.h */,
				306F0B851CE9D4D500E932FA /* AppDelegate.m */,
				306F0B8A1CE9D4D500E932FA /* Main.storyboard */,
				306F0B8D1CE9D4D500E932FA /* Assets.xcassets */,
				306F0B8F1CE9D4D500E932FA /* LaunchScreen.storyboard */,
				306F0B921CE9D4D500E932FA /* Info.plist */,
				306F0B821CE9D4D500E932FA /* main.m */,
				304AB59D1CEACDA100D526A5 /* ViewController.h */,
				304AB59E1CEACDA100D526A5 /* ViewController.m */,
			);
			name = "Supporting Files";
			sourceTree = "<group>";
		};
/* End PBXGroup section */

/* Begin PBXNativeTarget section */
		306F0B7D1CE9D4D500E932FA /* 代码布局UITableviewCell */ = {
			isa = PBXNativeTarget;
			buildConfigurationList = 306F0B951CE9D4D500E932FA /* Build configuration list for PBXNativeTarget "代码布局UITableviewCell" */;
			buildPhases = (
				306F0B7A1CE9D4D500E932FA /* Sources */,
				306F0B7B1CE9D4D500E932FA /* Frameworks */,
				306F0B7C1CE9D4D500E932FA /* Resources */,
			);
			buildRules = (
			);
			dependencies = (
			);
			name = "代码布局UITableviewCell";
			productName = "代码布局UITableviewCell";
			productReference = 306F0B7E1CE9D4D500E932FA /* 代码布局UITableviewCell.app */;
			productType = "com.apple.product-type.application";
		};
/* End PBXNativeTarget section */

/* Begin PBXProject section */
		306F0B761CE9D4D500E932FA /* Project object */ = {
			isa = PBXProject;
			attributes = {
				LastUpgradeCheck = 0730;
				ORGANIZATIONNAME = ddtc;
				TargetAttributes = {
					306F0B7D1CE9D4D500E932FA = {
						CreatedOnToolsVersion = 7.3;
					};
				};
			};
			buildConfigurationList = 306F0B791CE9D4D500E932FA /* Build configuration list for PBXProject "代码布局UITableviewCell" */;
			compatibilityVersion = "Xcode 3.2";
			developmentRegion = English;
			hasScannedForEncodings = 0;
			knownRegions = (
				en,
				Base,
			);
			mainGroup = 306F0B751CE9D4D500E932FA;
			productRefGroup = 306F0B7F1CE9D4D500E932FA /* Products */;
			projectDirPath = "";
			projectRoot = "";
			targets = (
				306F0B7D1CE9D4D500E932FA /* 代码布局UITableviewCell */,
			);
		};
/* End PBXProject section */

/* Begin PBXResourcesBuildPhase section */
		306F0B7C1CE9D4D500E932FA /* Resources */ = {
			isa = PBXResourcesBuildPhase;
			buildActionMask = 2147483647;
			files = (
				30429A6D1CEC7469004AC373 /* MJPhotoBrowser.bundle in Resources */,
				306F0B911CE9D4D500E932FA /* LaunchScreen.storyboard in Resources */,
				304AB5A21CEB530A00D526A5 /* wbstatus.plist in Resources */,
				30429A741CEC7469004AC373 /* LICENSE in Resources */,
				306F0B8E1CE9D4D500E932FA /* Assets.xcassets in Resources */,
				306F0B8C1CE9D4D500E932FA /* Main.storyboard in Resources */,
			);
			runOnlyForDeploymentPostprocessing = 0;
		};
/* End PBXResourcesBuildPhase section */

/* Begin PBXSourcesBuildPhase section */
		306F0B7A1CE9D4D500E932FA /* Sources */ = {
			isa = PBXSourcesBuildPhase;
			buildActionMask = 2147483647;
			files = (
				304AB59F1CEACDA100D526A5 /* ViewController.m in Sources */,
				30429A9C1CEC9EAF004AC373 /* MJProperty.m in Sources */,
				3012B0621CF409A00002B367 /* CommentPraiseView.m in Sources */,
				30429A831CEC7469004AC373 /* UIView+WebCacheOperation.m in Sources */,
				304299C71CEC5537004AC373 /* HMPhoto.m in Sources */,
				30429A111CEC6FCC004AC373 /* HMHomeStatusesResult.m in Sources */,
				30429A6E1CEC7469004AC373 /* MJPhotoBrowser.m in Sources */,
				30429A731CEC7469004AC373 /* SDWebImageManager+MJ.m in Sources */,
				30429A7E1CEC7469004AC373 /* UIButton+WebCache.m in Sources */,
				30429AA31CEC9EAF004AC373 /* NSString+MJExtension.m in Sources */,
				306F0BA31CE9E00700E932FA /* WeiboStatus.m in Sources */,
				306F0B9D1CE9D65500E932FA /* WeiboCell.m in Sources */,
				30429A751CEC7469004AC373 /* README.md in Sources */,
				30429A7F1CEC7469004AC373 /* UIImage+GIF.m in Sources */,
				30429AA11CEC9EAF004AC373 /* NSObject+MJKeyValue.m in Sources */,
				30429A9B1CEC9EAF004AC373 /* MJFoundation.m in Sources */,
				30429A7D1CEC7469004AC373 /* SDWebImagePrefetcher.m in Sources */,
				30429AA01CEC9EAF004AC373 /* NSObject+MJCoding.m in Sources */,
				306F0B861CE9D4D500E932FA /* AppDelegate.m in Sources */,
				30429A781CEC7469004AC373 /* SDWebImageCompat.m in Sources */,
				30429A7A1CEC7469004AC373 /* SDWebImageDownloader.m in Sources */,
				30429A811CEC7469004AC373 /* UIImageView+HighlightedWebCache.m in Sources */,
				30429A7B1CEC7469004AC373 /* SDWebImageDownloaderOperation.m in Sources */,
				30429A791CEC7469004AC373 /* SDWebImageDecoder.m in Sources */,
				30429A7C1CEC7469004AC373 /* SDWebImageManager.m in Sources */,
				304299901CEC548E004AC373 /* HMStatusPhotoView.m in Sources */,
				306F0B9A1CE9D57F00E932FA /* CustomeTableViewController.m in Sources */,
				304299CE1CEC55CF004AC373 /* UIView+Extension.m in Sources */,
				30429A701CEC7469004AC373 /* MJPhotoProgressView.m in Sources */,
				30429A9E1CEC9EAF004AC373 /* MJPropertyType.m in Sources */,
				30429A801CEC7469004AC373 /* UIImage+MultiFormat.m in Sources */,
				306F0BA01CE9D68000E932FA /* WeiboFrame.m in Sources */,
				30429A761CEC7469004AC373 /* NSData+ImageContentType.m in Sources */,
				304299931CEC54AD004AC373 /* HMStatusPhotosView.m in Sources */,
				30429A721CEC7469004AC373 /* MJPhotoView.m in Sources */,
				30429A9F1CEC9EAF004AC373 /* NSObject+MJClass.m in Sources */,
				30429A9A1CEC9EAF004AC373 /* MJExtensionConst.m in Sources */,
				30429AA21CEC9EAF004AC373 /* NSObject+MJProperty.m in Sources */,
				304299CA1CEC5572004AC373 /* UIImage+Extension.m in Sources */,
				30429A6F1CEC7469004AC373 /* MJPhotoLoadingView.m in Sources */,
				30429A711CEC7469004AC373 /* MJPhotoToolbar.m in Sources */,
				306F0B831CE9D4D500E932FA /* main.m in Sources */,
				30429A6C1CEC7469004AC373 /* MJPhoto.m in Sources */,
				30429A821CEC7469004AC373 /* UIImageView+WebCache.m in Sources */,
				30429A9D1CEC9EAF004AC373 /* MJPropertyKey.m in Sources */,
				3012B0681CF439CC0002B367 /* CustomScrollView.m in Sources */,
				30429A771CEC7469004AC373 /* SDImageCache.m in Sources */,
			);
			runOnlyForDeploymentPostprocessing = 0;
		};
/* End PBXSourcesBuildPhase section */

/* Begin PBXVariantGroup section */
		306F0B8A1CE9D4D500E932FA /* Main.storyboard */ = {
			isa = PBXVariantGroup;
			children = (
				306F0B8B1CE9D4D500E932FA /* Base */,
			);
			name = Main.storyboard;
			sourceTree = "<group>";
		};
		306F0B8F1CE9D4D500E932FA /* LaunchScreen.storyboard */ = {
			isa = PBXVariantGroup;
			children = (
				306F0B901CE9D4D500E932FA /* Base */,
			);
			name = LaunchScreen.storyboard;
			sourceTree = "<group>";
		};
/* End PBXVariantGroup section */

/* Begin XCBuildConfiguration section */
		306F0B931CE9D4D500E932FA /* Debug */ = {
			isa = XCBuildConfiguration;
			buildSettings = {
				ALWAYS_SEARCH_USER_PATHS = NO;
				CLANG_ANALYZER_NONNULL = YES;
				CLANG_CXX_LANGUAGE_STANDARD = "gnu++0x";
				CLANG_CXX_LIBRARY = "libc++";
				CLANG_ENABLE_MODULES = YES;
				CLANG_ENABLE_OBJC_ARC = YES;
				CLANG_WARN_BOOL_CONVERSION = YES;
				CLANG_WARN_CONSTANT_CONVERSION = YES;
				CLANG_WARN_DIRECT_OBJC_ISA_USAGE = YES_ERROR;
				CLANG_WARN_EMPTY_BODY = YES;
				CLANG_WARN_ENUM_CONVERSION = YES;
				CLANG_WARN_INT_CONVERSION = YES;
				CLANG_WARN_OBJC_ROOT_CLASS = YES_ERROR;
				CLANG_WARN_UNREACHABLE_CODE = YES;
				CLANG_WARN__DUPLICATE_METHOD_MATCH = YES;
				"CODE_SIGN_IDENTITY[sdk=iphoneos*]" = "iPhone Developer";
				COPY_PHASE_STRIP = NO;
				DEBUG_INFORMATION_FORMAT = dwarf;
				ENABLE_STRICT_OBJC_MSGSEND = YES;
				ENABLE_TESTABILITY = YES;
				GCC_C_LANGUAGE_STANDARD = gnu99;
				GCC_DYNAMIC_NO_PIC = NO;
				GCC_NO_COMMON_BLOCKS = YES;
				GCC_OPTIMIZATION_LEVEL = 0;
				GCC_PREPROCESSOR_DEFINITIONS = (
					"DEBUG=1",
					"$(inherited)",
				);
				GCC_WARN_64_TO_32_BIT_CONVERSION = YES;
				GCC_WARN_ABOUT_RETURN_TYPE = YES_ERROR;
				GCC_WARN_UNDECLARED_SELECTOR = YES;
				GCC_WARN_UNINITIALIZED_AUTOS = YES_AGGRESSIVE;
				GCC_WARN_UNUSED_FUNCTION = YES;
				GCC_WARN_UNUSED_VARIABLE = YES;
				IPHONEOS_DEPLOYMENT_TARGET = 9.3;
				MTL_ENABLE_DEBUG_INFO = YES;
				ONLY_ACTIVE_ARCH = YES;
				SDKROOT = iphoneos;
			};
			name = Debug;
		};
		306F0B941CE9D4D500E932FA /* Release */ = {
			isa = XCBuildConfiguration;
			buildSettings = {
				ALWAYS_SEARCH_USER_PATHS = NO;
				CLANG_ANALYZER_NONNULL = YES;
				CLANG_CXX_LANGUAGE_STANDARD = "gnu++0x";
				CLANG_CXX_LIBRARY = "libc++";
				CLANG_ENABLE_MODULES = YES;
				CLANG_ENABLE_OBJC_ARC = YES;
				CLANG_WARN_BOOL_CONVERSION = YES;
				CLANG_WARN_CONSTANT_CONVERSION = YES;
				CLANG_WARN_DIRECT_OBJC_ISA_USAGE = YES_ERROR;
				CLANG_WARN_EMPTY_BODY = YES;
				CLANG_WARN_ENUM_CONVERSION = YES;
				CLANG_WARN_INT_CONVERSION = YES;
				CLANG_WARN_OBJC_ROOT_CLASS = YES_ERROR;
				CLANG_WARN_UNREACHABLE_CODE = YES;
				CLANG_WARN__DUPLICATE_METHOD_MATCH = YES;
				"CODE_SIGN_IDENTITY[sdk=iphoneos*]" = "iPhone Developer";
				COPY_PHASE_STRIP = NO;
				DEBUG_INFORMATION_FORMAT = "dwarf-with-dsym";
				ENABLE_NS_ASSERTIONS = NO;
				ENABLE_STRICT_OBJC_MSGSEND = YES;
				GCC_C_LANGUAGE_STANDARD = gnu99;
				GCC_NO_COMMON_BLOCKS = YES;
				GCC_WARN_64_TO_32_BIT_CONVERSION = YES;
				GCC_WARN_ABOUT_RETURN_TYPE = YES_ERROR;
				GCC_WARN_UNDECLARED_SELECTOR = YES;
				GCC_WARN_UNINITIALIZED_AUTOS = YES_AGGRESSIVE;
				GCC_WARN_UNUSED_FUNCTION = YES;
				GCC_WARN_UNUSED_VARIABLE = YES;
				IPHONEOS_DEPLOYMENT_TARGET = 9.3;
				MTL_ENABLE_DEBUG_INFO = NO;
				SDKROOT = iphoneos;
				VALIDATE_PRODUCT = YES;
			};
			name = Release;
		};
		306F0B961CE9D4D500E932FA /* Debug */ = {
			isa = XCBuildConfiguration;
			buildSettings = {
				ASSETCATALOG_COMPILER_APPICON_NAME = AppIcon;
				INFOPLIST_FILE = "代码布局UITableviewCell/Info.plist";
				IPHONEOS_DEPLOYMENT_TARGET = 8.1;
				LD_RUNPATH_SEARCH_PATHS = "$(inherited) @executable_path/Frameworks";
				PRODUCT_BUNDLE_IDENTIFIER = "com.ddtc.jjcoderss.----UITableviewCell";
				PRODUCT_NAME = "$(TARGET_NAME)";
			};
			name = Debug;
		};
		306F0B971CE9D4D500E932FA /* Release */ = {
			isa = XCBuildConfiguration;
			buildSettings = {
				ASSETCATALOG_COMPILER_APPICON_NAME = AppIcon;
				INFOPLIST_FILE = "代码布局UITableviewCell/Info.plist";
				IPHONEOS_DEPLOYMENT_TARGET = 8.1;
				LD_RUNPATH_SEARCH_PATHS = "$(inherited) @executable_path/Frameworks";
				PRODUCT_BUNDLE_IDENTIFIER = "com.ddtc.jjcoderss.----UITableviewCell";
				PRODUCT_NAME = "$(TARGET_NAME)";
			};
			name = Release;
		};
/* End XCBuildConfiguration section */

/* Begin XCConfigurationList section */
		306F0B791CE9D4D500E932FA /* Build configuration list for PBXProject "代码布局UITableviewCell" */ = {
			isa = XCConfigurationList;
			buildConfigurations = (
				306F0B931CE9D4D500E932FA /* Debug */,
				306F0B941CE9D4D500E932FA /* Release */,
			);
			defaultConfigurationIsVisible = 0;
			defaultConfigurationName = Release;
		};
		306F0B951CE9D4D500E932FA /* Build configuration list for PBXNativeTarget "代码布局UITableviewCell" */ = {
			isa = XCConfigurationList;
			buildConfigurations = (
				306F0B961CE9D4D500E932FA /* Debug */,
				306F0B971CE9D4D500E932FA /* Release */,
			);
			defaultConfigurationIsVisible = 0;
			defaultConfigurationName = Release;
		};
/* End XCConfigurationList section */
	};
	rootObject = 306F0B761CE9D4D500E932FA /* Project object */;
}
